<?xml version="1.0" encoding="utf-8"?>
<Project ToolsVersion="4.0" xmlns="http://schemas.microsoft.com/developer/msbuild/2003">
  <ItemGroup>
    <Filter Include="Source Files">
      <UniqueIdentifier>{4FC737F1-C7A5-4376-A066-2A32D752A2FF}</UniqueIdentifier>
      <Extensions>cpp;c;cc;cxx;def;odl;idl;hpj;bat;asm;asmx</Extensions>
    </Filter>
    <Filter Include="Header Files">
      <UniqueIdentifier>{93995380-89BD-4b04-88EB-625FBE52EBFB}</UniqueIdentifier>
      <Extensions>h;hh;hpp;hxx;hm;inl;inc;xsd</Extensions>
    </Filter>
    <Filter Include="Resource Files">
      <UniqueIdentifier>{67DA6AB6-F800-4c08-8B7A-83BB121AAD01}</UniqueIdentifier>
      <Extensions>rc;ico;cur;bmp;dlg;rc2;rct;bin;rgs;gif;jpg;jpeg;jpe;resx;tiff;tif;png;wav;mfcribbon-ms</Extensions>
    </Filter>
    <Filter Include="Shaders">
      <UniqueIdentifier>{8b6c92a8-f65d-451e-80e3-d65773602b92}</UniqueIdentifier>
    </Filter>
    <Filter Include="Header Files\Editor">
      <UniqueIdentifier>{63be7463-d412-4a54-887e-ff8d4f406221}</UniqueIdentifier>
    </Filter>
    <Filter Include="Header Files\Menu">
      <UniqueIdentifier>{55468acf-6330-4df7-a300-7272d2ac7841}</UniqueIdentifier>
    </Filter>
    <Filter Include="Header Files\Data">
      <UniqueIdentifier>{04e4823d-8459-416a-8bfe-b5dad4151755}</UniqueIdentifier>
    </Filter>
    <Filter Include="Source Files\Editor">
      <UniqueIdentifier>{c5e0ed80-3eb1-47b4-9fd1-94c2416d48c5}</UniqueIdentifier>
    </Filter>
    <Filter Include="Source Files\Menu">
      <UniqueIdentifier>{92f78151-663c-441b-b23a-8fb55a6bd578}</UniqueIdentifier>
    </Filter>
    <Filter Include="Header Files\Map">
      <UniqueIdentifier>{b71e94b0-b2bb-482d-b5ff-8cf89b886e9c}</UniqueIdentifier>
    </Filter>
    <Filter Include="Header Files\Map\Fixtures">
      <UniqueIdentifier>{c1e51c22-11e4-4b8f-963f-20ea01273e08}</UniqueIdentifier>
    </Filter>
    <Filter Include="Source Files\Map">
      <UniqueIdentifier>{bd77329d-63e9-4d44-8bb0-acba0b83362f}</UniqueIdentifier>
    </Filter>
    <Filter Include="Source Files\Map\Fixtures">
      <UniqueIdentifier>{126da4c6-b994-4f45-b5e7-3f265511183f}</UniqueIdentifier>
    </Filter>
    <Filter Include="Header Files\IO">
      <UniqueIdentifier>{23240aca-0079-4a4e-9431-72cefedd42ac}</UniqueIdentifier>
    </Filter>
    <Filter Include="Header Files\IO\Loading">
      <UniqueIdentifier>{dadea37e-ce81-4697-8a2a-405c4530c1b2}</UniqueIdentifier>
    </Filter>
    <Filter Include="Source Files\IO">
      <UniqueIdentifier>{9ba7fc8e-26e6-4133-b372-9337debd398e}</UniqueIdentifier>
    </Filter>
    <Filter Include="Source Files\IO\Loading">
      <UniqueIdentifier>{0075b142-d64a-4473-bd8c-25e4c722aff2}</UniqueIdentifier>
    </Filter>
    <Filter Include="Source Files\IO\Input">
      <UniqueIdentifier>{7e12d908-42fc-423a-ac3b-9d54dfd704cc}</UniqueIdentifier>
    </Filter>
    <Filter Include="Header Files\IO\Input">
      <UniqueIdentifier>{4df57d30-22b1-49e5-9b7e-09fdece83b77}</UniqueIdentifier>
    </Filter>
    <Filter Include="Header Files\IO\Graphics">
      <UniqueIdentifier>{76eafd7a-eef2-44b9-911c-b759063d8dc7}</UniqueIdentifier>
    </Filter>
    <Filter Include="Source Files\IO\Graphics">
      <UniqueIdentifier>{30b0c350-1128-40b8-a87d-e740c8d5b685}</UniqueIdentifier>
    </Filter>
    <Filter Include="Header Files\IO\Saving">
      <UniqueIdentifier>{81bb110a-126a-4b24-88c5-adab90334cd9}</UniqueIdentifier>
    </Filter>
    <Filter Include="Source Files\IO\Saving">
      <UniqueIdentifier>{79bb07f2-3e7c-4c96-b2d2-89e2f3491d9c}</UniqueIdentifier>
    </Filter>
    <Filter Include="Header Files\IO\Sound">
      <UniqueIdentifier>{97488cee-28c3-4638-9d1b-7fc477d38a30}</UniqueIdentifier>
    </Filter>
    <Filter Include="Source Files\IO\Sound">
      <UniqueIdentifier>{f0e1e28c-7682-4932-bd83-e5f321d45944}</UniqueIdentifier>
    </Filter>
  </ItemGroup>
  <ItemGroup>
    <ClInclude Include="ChiliWin.h">
      <Filter>Header Files</Filter>
    </ClInclude>
    <ClInclude Include="Game.h">
      <Filter>Header Files</Filter>
    </ClInclude>
    <ClInclude Include="MainWindow.h">
      <Filter>Header Files</Filter>
    </ClInclude>
    <ClInclude Include="ChiliException.h">
      <Filter>Header Files</Filter>
    </ClInclude>
    <ClInclude Include="Resource.h">
      <Filter>Header Files</Filter>
    </ClInclude>
    <ClInclude Include="ChiliMath.h">
      <Filter>Header Files</Filter>
    </ClInclude>
    <ClInclude Include="Editor.h">
      <Filter>Header Files\Editor</Filter>
    </ClInclude>
    <ClInclude Include="EditConstants.h">
      <Filter>Header Files\Editor</Filter>
    </ClInclude>
    <ClInclude Include="EditTool.h">
      <Filter>Header Files\Editor</Filter>
    </ClInclude>
    <ClInclude Include="Menu.h">
      <Filter>Header Files\Menu</Filter>
    </ClInclude>
    <ClInclude Include="MapFixture.h">
      <Filter>Header Files\Map\Fixtures</Filter>
    </ClInclude>
    <ClInclude Include="Wall.h">
      <Filter>Header Files\Map\Fixtures</Filter>
    </ClInclude>
    <ClInclude Include="Pickup.h">
      <Filter>Header Files\Map\Fixtures</Filter>
    </ClInclude>
    <ClInclude Include="Treasure.h">
      <Filter>Header Files\Map\Fixtures</Filter>
    </ClInclude>
    <ClInclude Include="VectorExtensions.h">
      <Filter>Header Files\Data</Filter>
    </ClInclude>
    <ClInclude Include="StringKeyRepository.h">
      <Filter>Header Files\Data</Filter>
    </ClInclude>
    <ClInclude Include="Vec2.h">
      <Filter>Header Files\Data</Filter>
    </ClInclude>
    <ClInclude Include="Rect.h">
      <Filter>Header Files\Data</Filter>
    </ClInclude>
    <ClInclude Include="Graphics.h">
      <Filter>Header Files\IO\Graphics</Filter>
    </ClInclude>
    <ClInclude Include="Font.h">
      <Filter>Header Files\IO\Graphics</Filter>
    </ClInclude>
    <ClInclude Include="PixelEffect.h">
      <Filter>Header Files\IO\Graphics</Filter>
    </ClInclude>
    <ClInclude Include="Surface.h">
      <Filter>Header Files\IO\Graphics</Filter>
    </ClInclude>
    <ClInclude Include="Colors.h">
      <Filter>Header Files\IO\Graphics</Filter>
    </ClInclude>
    <ClInclude Include="Keyboard.h">
      <Filter>Header Files\IO\Input</Filter>
    </ClInclude>
    <ClInclude Include="Mouse.h">
      <Filter>Header Files\IO\Input</Filter>
    </ClInclude>
    <ClInclude Include="DXErr.h">
      <Filter>Header Files\IO\Graphics</Filter>
    </ClInclude>
    <ClInclude Include="Grid.h">
      <Filter>Header Files\Map</Filter>
    </ClInclude>
    <ClInclude Include="Loader.h">
      <Filter>Header Files\IO\Loading</Filter>
    </ClInclude>
    <ClInclude Include="TextureLoader.h">
      <Filter>Header Files\IO\Loading</Filter>
    </ClInclude>
    <ClInclude Include="FontLoader.h">
      <Filter>Header Files\IO\Loading</Filter>
    </ClInclude>
    <ClInclude Include="FixtureLoader.h">
      <Filter>Header Files\IO\Loading</Filter>
    </ClInclude>
    <ClInclude Include="MenuLoader.h">
      <Filter>Header Files\IO\Loading</Filter>
    </ClInclude>
    <ClInclude Include="FileListLoader.h">
      <Filter>Header Files\IO\Loading</Filter>
    </ClInclude>
    <ClInclude Include="Sound.h">
      <Filter>Header Files\IO\Sound</Filter>
    </ClInclude>
    <ClInclude Include="SoundEffect.h">
      <Filter>Header Files\IO\Sound</Filter>
    </ClInclude>
    <ClInclude Include="ComManager.h">
      <Filter>Header Files</Filter>
    </ClInclude>
    <ClInclude Include="Saver.h">
      <Filter>Header Files\IO\Saving</Filter>
    </ClInclude>
    <ClInclude Include="MapLoader.h">
      <Filter>Header Files\IO\Loading</Filter>
    </ClInclude>
    <ClInclude Include="Map.h">
      <Filter>Header Files\Map</Filter>
    </ClInclude>
    <ClInclude Include="FileIOConstants.h">
      <Filter>Header Files\IO</Filter>
    </ClInclude>
    <ClInclude Include="FileAccesser.h">
      <Filter>Header Files\IO</Filter>
    </ClInclude>
    <ClInclude Include="MapSaver.h">
      <Filter>Header Files\IO\Saving</Filter>
    </ClInclude>
  </ItemGroup>
  <ItemGroup>
    <ClCompile Include="Game.cpp">
      <Filter>Source Files</Filter>
    </ClCompile>
    <ClCompile Include="Main.cpp">
      <Filter>Source Files</Filter>
    </ClCompile>
    <ClCompile Include="MainWindow.cpp">
      <Filter>Source Files</Filter>
    </ClCompile>
    <ClCompile Include="EditToolBox.cpp">
      <Filter>Source Files\Editor</Filter>
    </ClCompile>
    <ClCompile Include="Editor.cpp">
      <Filter>Source Files\Editor</Filter>
    </ClCompile>
    <ClCompile Include="EditTool.cpp">
      <Filter>Source Files\Editor</Filter>
    </ClCompile>
    <ClCompile Include="EditTool_MouseButton_Delete.cpp">
      <Filter>Source Files\Editor</Filter>
    </ClCompile>
    <ClCompile Include="EditTool_MouseButton_Insert.cpp">
      <Filter>Source Files\Editor</Filter>
    </ClCompile>
    <ClCompile Include="EditTool_MouseButton_Move.cpp">
      <Filter>Source Files\Editor</Filter>
    </ClCompile>
    <ClCompile Include="EditTool_MouseButton_None.cpp">
      <Filter>Source Files\Editor</Filter>
    </ClCompile>
    <ClCompile Include="EditTool_MouseButton_Select.cpp">
      <Filter>Source Files\Editor</Filter>
    </ClCompile>
    <ClCompile Include="Graphics.cpp">
      <Filter>Source Files\IO\Graphics</Filter>
    </ClCompile>
    <ClCompile Include="Font.cpp">
      <Filter>Source Files\IO\Graphics</Filter>
    </ClCompile>
    <ClCompile Include="Mouse.cpp">
      <Filter>Source Files\IO\Input</Filter>
    </ClCompile>
    <ClCompile Include="Keyboard.cpp">
      <Filter>Source Files\IO\Input</Filter>
    </ClCompile>
    <ClCompile Include="MapFixture.cpp">
      <Filter>Source Files\Map\Fixtures</Filter>
    </ClCompile>
    <ClCompile Include="PixelEffect.cpp">
      <Filter>Source Files\IO\Graphics</Filter>
    </ClCompile>
    <ClCompile Include="Pickup.cpp">
      <Filter>Source Files\Map\Fixtures</Filter>
    </ClCompile>
    <ClCompile Include="Treasure.cpp">
      <Filter>Source Files\Map\Fixtures</Filter>
    </ClCompile>
    <ClCompile Include="Wall.cpp">
      <Filter>Source Files\Map\Fixtures</Filter>
    </ClCompile>
    <ClCompile Include="Surface.cpp">
      <Filter>Source Files\IO\Graphics</Filter>
    </ClCompile>
    <ClCompile Include="Menu.cpp">
      <Filter>Source Files\Menu</Filter>
    </ClCompile>
    <ClCompile Include="Grid.cpp">
      <Filter>Source Files\Map</Filter>
    </ClCompile>
    <ClCompile Include="Grid_Cell.cpp">
      <Filter>Source Files\Map</Filter>
    </ClCompile>
    <ClCompile Include="DXErr.cpp">
      <Filter>Source Files\IO\Graphics</Filter>
    </ClCompile>
    <ClCompile Include="Loader.cpp">
      <Filter>Source Files\IO\Loading</Filter>
    </ClCompile>
    <ClCompile Include="TextureLoader.cpp">
      <Filter>Source Files\IO\Loading</Filter>
    </ClCompile>
    <ClCompile Include="FontLoader.cpp">
      <Filter>Source Files\IO\Loading</Filter>
    </ClCompile>
    <ClCompile Include="FixtureLoader.cpp">
      <Filter>Source Files\IO\Loading</Filter>
    </ClCompile>
    <ClCompile Include="MenuLoader.cpp">
      <Filter>Source Files\IO\Loading</Filter>
    </ClCompile>
    <ClCompile Include="FileListLoader.cpp">
      <Filter>Source Files\IO\Loading</Filter>
    </ClCompile>
    <ClCompile Include="Sound.cpp">
      <Filter>Source Files\IO\Sound</Filter>
    </ClCompile>
    <ClCompile Include="Saver.cpp">
      <Filter>Source Files\IO\Saving</Filter>
    </ClCompile>
    <ClCompile Include="Map.cpp">
      <Filter>Source Files\Map</Filter>
    </ClCompile>
    <ClCompile Include="MapLoader.cpp">
      <Filter>Source Files\IO\Loading</Filter>
    </ClCompile>
    <ClCompile Include="FileAccesser.cpp">
      <Filter>Source Files\IO</Filter>
    </ClCompile>
    <ClCompile Include="MapSaver.cpp">
      <Filter>Source Files\IO\Saving</Filter>
    </ClCompile>
  </ItemGroup>
  <ItemGroup>
    <FxCompile Include="FramebufferPS.hlsl">
      <Filter>Shaders</Filter>
    </FxCompile>
    <FxCompile Include="FramebufferVS.hlsl">
      <Filter>Shaders</Filter>
    </FxCompile>
  </ItemGroup>
  <ItemGroup>
    <ResourceCompile Include="Resource.rc">
      <Filter>Resource Files</Filter>
    </ResourceCompile>
  </ItemGroup>
  <ItemGroup>
    <Image Include="Chili.ico">
      <Filter>Resource Files</Filter>
    </Image>
  </ItemGroup>
</Project>